
Microsoft Visual Studio Solution File, Format Version 12.00
# Visual Studio Version 16
VisualStudioVersion = 16.0.30523.141
MinimumVisualStudioVersion = 10.0.40219.1
Project("{FAE04EC0-301F-11D3-BF4B-00C04F79EFBC}") = "ServerConfigRest_096_Vyan Insya Nur Muhammad", "ServerConfigRest_096_Vyan Insya Nur Muhammad.csproj", "{37CF7A00-D3B6-48DA-85E2-3EEE93E55372}"
EndProject
Global
	GlobalSection(SolutionConfigurationPlatforms) = preSolution
		Debug|Any CPU = Debug|Any CPU
		Release|Any CPU = Release|Any CPU
	EndGlobalSection
	GlobalSection(ProjectConfigurationPlatforms) = postSolution
		{37CF7A00-D3B6-48DA-85E2-3EEE93E55372}.Debug|Any CPU.ActiveCfg = Debug|Any CPU
		{37CF7A00-D3B6-48DA-85E2-3EEE93E55372}.Debug|Any CPU.Build.0 = Debug|Any CPU
		{37CF7A00-D3B6-48DA-85E2-3EEE93E55372}.Release|Any CPU.ActiveCfg = Release|Any CPU
		{37CF7A00-D3B6-48DA-85E2-3EEE93E55372}.Release|Any CPU.Build.0 = Release|Any CPU
	EndGlobalSection
	GlobalSection(SolutionProperties) = preSolution
		HideSolutionNode = FALSE
	EndGlobalSection
	GlobalSection(ExtensibilityGlobals) = postSolution
		SolutionGuid = {FD30624A-9E74-418C-BF5A-34C40F98DA61}
	EndGlobalSection
EndGlobal
