
Microsoft Visual Studio Solution File, Format Version 12.00
# Visual Studio Version 16
VisualStudioVersion = 16.0.30523.141
MinimumVisualStudioVersion = 10.0.40219.1
Project("{FAE04EC0-301F-11D3-BF4B-00C04F79EFBC}") = "ClientRest_096_Vyan Insya Nur Muhammad", "ClientRest_096_Vyan Insya Nur Muhammad.csproj", "{19EA33C4-ABF3-4ADE-93DE-BF9A2095D302}"
EndProject
Global
	GlobalSection(SolutionConfigurationPlatforms) = preSolution
		Debug|Any CPU = Debug|Any CPU
		Release|Any CPU = Release|Any CPU
	EndGlobalSection
	GlobalSection(ProjectConfigurationPlatforms) = postSolution
		{19EA33C4-ABF3-4ADE-93DE-BF9A2095D302}.Debug|Any CPU.ActiveCfg = Debug|Any CPU
		{19EA33C4-ABF3-4ADE-93DE-BF9A2095D302}.Debug|Any CPU.Build.0 = Debug|Any CPU
		{19EA33C4-ABF3-4ADE-93DE-BF9A2095D302}.Release|Any CPU.ActiveCfg = Release|Any CPU
		{19EA33C4-ABF3-4ADE-93DE-BF9A2095D302}.Release|Any CPU.Build.0 = Release|Any CPU
	EndGlobalSection
	GlobalSection(SolutionProperties) = preSolution
		HideSolutionNode = FALSE
	EndGlobalSection
	GlobalSection(ExtensibilityGlobals) = postSolution
		SolutionGuid = {A395BEE4-ED1E-4BCE-A7BE-731A858FE621}
	EndGlobalSection
EndGlobal
